// !$*UTF8*$!
{
	archiveVersion = 1;
	classes = {
	};
	objectVersion = 46;
	objects = {

/* Begin PBXBuildFile section */
		84AA46E31F10490600D0622F /* AppDelegate.swift in Sources */ = {isa = PBXBuildFile; fileRef = 84AA46E21F10490600D0622F /* AppDelegate.swift */; };
		84AA46E51F10490600D0622F /* ViewController.swift in Sources */ = {isa = PBXBuildFile; fileRef = 84AA46E41F10490600D0622F /* ViewController.swift */; };
		84AA46E81F10490600D0622F /* Main.storyboard in Resources */ = {isa = PBXBuildFile; fileRef = 84AA46E61F10490600D0622F /* Main.storyboard */; };
		84AA46EA1F10490600D0622F /* Assets.xcassets in Resources */ = {isa = PBXBuildFile; fileRef = 84AA46E91F10490600D0622F /* Assets.xcassets */; };
		84AA46ED1F10490600D0622F /* LaunchScreen.storyboard in Resources */ = {isa = PBXBuildFile; fileRef = 84AA46EB1F10490600D0622F /* LaunchScreen.storyboard */; };
		84AA46F81F10490600D0622F /* ZaprosTests.swift in Sources */ = {isa = PBXBuildFile; fileRef = 84AA46F71F10490600D0622F /* ZaprosTests.swift */; };
		84AA47031F10490600D0622F /* ZaprosUITests.swift in Sources */ = {isa = PBXBuildFile; fileRef = 84AA47021F10490600D0622F /* ZaprosUITests.swift */; };
		84AA47111F104CCF00D0622F /* TableViewController.swift in Sources */ = {isa = PBXBuildFile; fileRef = 84AA47101F104CCF00D0622F /* TableViewController.swift */; };
/* End PBXBuildFile section */

/* Begin PBXContainerItemProxy section */
		84AA46F41F10490600D0622F /* PBXContainerItemProxy */ = {
			isa = PBXContainerItemProxy;
			containerPortal = 84AA46D71F10490600D0622F /* Project object */;
			proxyType = 1;
			remoteGlobalIDString = 84AA46DE1F10490600D0622F;
			remoteInfo = Zapros;
		};
		84AA46FF1F10490600D0622F /* PBXContainerItemProxy */ = {
			isa = PBXContainerItemProxy;
			containerPortal = 84AA46D71F10490600D0622F /* Project object */;
			proxyType = 1;
			remoteGlobalIDString = 84AA46DE1F10490600D0622F;
			remoteInfo = Zapros;
		};
/* End PBXContainerItemProxy section */

/* Begin PBXFileReference section */
		84AA46DF1F10490600D0622F /* Zapros.app */ = {isa = PBXFileReference; explicitFileType = wrapper.application; includeInIndex = 0; path = Zapros.app; sourceTree = BUILT_PRODUCTS_DIR; };
		84AA46E21F10490600D0622F /* AppDelegate.swift */ = {isa = PBXFileReference; lastKnownFileType = sourcecode.swift; path = AppDelegate.swift; sourceTree = "<group>"; };
		84AA46E41F10490600D0622F /* ViewController.swift */ = {isa = PBXFileReference; lastKnownFileType = sourcecode.swift; path = ViewController.swift; sourceTree = "<group>"; };
		84AA46E71F10490600D0622F /* Base */ = {isa = PBXFileReference; lastKnownFileType = file.storyboard; name = Base; path = Base.lproj/Main.storyboard; sourceTree = "<group>"; };
		84AA46E91F10490600D0622F /* Assets.xcassets */ = {isa = PBXFileReference; lastKnownFileType = folder.assetcatalog; path = Assets.xcassets; sourceTree = "<group>"; };
		84AA46EC1F10490600D0622F /* Base */ = {isa = PBXFileReference; lastKnownFileType = file.storyboard; name = Base; path = Base.lproj/LaunchScreen.storyboard; sourceTree = "<group>"; };
		84AA46EE1F10490600D0622F /* Info.plist */ = {isa = PBXFileReference; lastKnownFileType = text.plist.xml; path = Info.plist; sourceTree = "<group>"; };
		84AA46F31F10490600D0622F /* ZaprosTests.xctest */ = {isa = PBXFileReference; explicitFileType = wrapper.cfbundle; includeInIndex = 0; path = ZaprosTests.xctest; sourceTree = BUILT_PRODUCTS_DIR; };
		84AA46F71F10490600D0622F /* ZaprosTests.swift */ = {isa = PBXFileReference; lastKnownFileType = sourcecode.swift; path = ZaprosTests.swift; sourceTree = "<group>"; };
		84AA46F91F10490600D0622F /* Info.plist */ = {isa = PBXFileReference; lastKnownFileType = text.plist.xml; path = Info.plist; sourceTree = "<group>"; };
		84AA46FE1F10490600D0622F /* ZaprosUITests.xctest */ = {isa = PBXFileReference; explicitFileType = wrapper.cfbundle; includeInIndex = 0; path = ZaprosUITests.xctest; sourceTree = BUILT_PRODUCTS_DIR; };
		84AA47021F10490600D0622F /* ZaprosUITests.swift */ = {isa = PBXFileReference; lastKnownFileType = sourcecode.swift; path = ZaprosUITests.swift; sourceTree = "<group>"; };
		84AA47041F10490600D0622F /* Info.plist */ = {isa = PBXFileReference; lastKnownFileType = text.plist.xml; path = Info.plist; sourceTree = "<group>"; };
		84AA47101F104CCF00D0622F /* TableViewController.swift */ = {isa = PBXFileReference; fileEncoding = 4; lastKnownFileType = sourcecode.swift; path = TableViewController.swift; sourceTree = "<group>"; };
/* End PBXFileReference section */

/* Begin PBXFrameworksBuildPhase section */
		84AA46DC1F10490600D0622F /* Frameworks */ = {
			isa = PBXFrameworksBuildPhase;
			buildActionMask = 2147483647;
			files = (
			);
			runOnlyForDeploymentPostprocessing = 0;
		};
		84AA46F01F10490600D0622F /* Frameworks */ = {
			isa = PBXFrameworksBuildPhase;
			buildActionMask = 2147483647;
			files = (
			);
			runOnlyForDeploymentPostprocessing = 0;
		};
		84AA46FB1F10490600D0622F /* Frameworks */ = {
			isa = PBXFrameworksBuildPhase;
			buildActionMask = 2147483647;
			files = (
			);
			runOnlyForDeploymentPostprocessing = 0;
		};
/* End PBXFrameworksBuildPhase section */

/* Begin PBXGroup section */
		84AA46D61F10490600D0622F = {
			isa = PBXGroup;
			children = (
				84AA46E11F10490600D0622F /* Zapros */,
				84AA46F61F10490600D0622F /* ZaprosTests */,
				84AA47011F10490600D0622F /* ZaprosUITests */,
				84AA46E01F10490600D0622F /* Products */,
			);
			sourceTree = "<group>";
		};
		84AA46E01F10490600D0622F /* Products */ = {
			isa = PBXGroup;
			children = (
				84AA46DF1F10490600D0622F /* Zapros.app */,
				84AA46F31F10490600D0622F /* ZaprosTests.xctest */,
				84AA46FE1F10490600D0622F /* ZaprosUITests.xctest */,
			);
			name = Products;
			sourceTree = "<group>";
		};
		84AA46E11F10490600D0622F /* Zapros */ = {
			isa = PBXGroup;
			children = (
				84AA46E21F10490600D0622F /* AppDelegate.swift */,
				84AA46E41F10490600D0622F /* ViewController.swift */,
				84AA46E61F10490600D0622F /* Main.storyboard */,
				84AA46E91F10490600D0622F /* Assets.xcassets */,
				84AA46EB1F10490600D0622F /* LaunchScreen.storyboard */,
				84AA46EE1F10490600D0622F /* Info.plist */,
				84AA47101F104CCF00D0622F /* TableViewController.swift */,
			);
			path = Zapros;
			sourceTree = "<group>";
		};
		84AA46F61F10490600D0622F /* ZaprosTests */ = {
			isa = PBXGroup;
			children = (
				84AA46F71F10490600D0622F /* ZaprosTests.swift */,
				84AA46F91F10490600D0622F /* Info.plist */,
			);
			path = ZaprosTests;
			sourceTree = "<group>";
		};
		84AA47011F10490600D0622F /* ZaprosUITests */ = {
			isa = PBXGroup;
			children = (
				84AA47021F10490600D0622F /* ZaprosUITests.swift */,
				84AA47041F10490600D0622F /* Info.plist */,
			);
			path = ZaprosUITests;
			sourceTree = "<group>";
		};
/* End PBXGroup section */

/* Begin PBXNativeTarget section */
		84AA46DE1F10490600D0622F /* Zapros */ = {
			isa = PBXNativeTarget;
			buildConfigurationList = 84AA47071F10490600D0622F /* Build configuration list for PBXNativeTarget "Zapros" */;
			buildPhases = (
				84AA46DB1F10490600D0622F /* Sources */,
				84AA46DC1F10490600D0622F /* Frameworks */,
				84AA46DD1F10490600D0622F /* Resources */,
			);
			buildRules = (
			);
			dependencies = (
			);
			name = Zapros;
			productName = Zapros;
			productReference = 84AA46DF1F10490600D0622F /* Zapros.app */;
			productType = "com.apple.product-type.application";
		};
		84AA46F21F10490600D0622F /* ZaprosTests */ = {
			isa = PBXNativeTarget;
			buildConfigurationList = 84AA470A1F10490600D0622F /* Build configuration list for PBXNativeTarget "ZaprosTests" */;
			buildPhases = (
				84AA46EF1F10490600D0622F /* Sources */,
				84AA46F01F10490600D0622F /* Frameworks */,
				84AA46F11F10490600D0622F /* Resources */,
			);
			buildRules = (
			);
			dependencies = (
				84AA46F51F10490600D0622F /* PBXTargetDependency */,
			);
			name = ZaprosTests;
			productName = ZaprosTests;
			productReference = 84AA46F31F10490600D0622F /* ZaprosTests.xctest */;
			productType = "com.apple.product-type.bundle.unit-test";
		};
		84AA46FD1F10490600D0622F /* ZaprosUITests */ = {
			isa = PBXNativeTarget;
			buildConfigurationList = 84AA470D1F10490600D0622F /* Build configuration list for PBXNativeTarget "ZaprosUITests" */;
			buildPhases = (
				84AA46FA1F10490600D0622F /* Sources */,
				84AA46FB1F10490600D0622F /* Frameworks */,
				84AA46FC1F10490600D0622F /* Resources */,
			);
			buildRules = (
			);
			dependencies = (
				84AA47001F10490600D0622F /* PBXTargetDependency */,
			);
			name = ZaprosUITests;
			productName = ZaprosUITests;
			productReference = 84AA46FE1F10490600D0622F /* ZaprosUITests.xctest */;
			productType = "com.apple.product-type.bundle.ui-testing";
		};
/* End PBXNativeTarget section */

/* Begin PBXProject section */
		84AA46D71F10490600D0622F /* Project object */ = {
			isa = PBXProject;
			attributes = {
				LastSwiftUpdateCheck = 0830;
				LastUpgradeCheck = 0830;
				ORGANIZATIONNAME = Admin;
				TargetAttributes = {
					84AA46DE1F10490600D0622F = {
						CreatedOnToolsVersion = 8.3.3;
						ProvisioningStyle = Automatic;
					};
					84AA46F21F10490600D0622F = {
						CreatedOnToolsVersion = 8.3.3;
						ProvisioningStyle = Automatic;
						TestTargetID = 84AA46DE1F10490600D0622F;
					};
					84AA46FD1F10490600D0622F = {
						CreatedOnToolsVersion = 8.3.3;
						ProvisioningStyle = Automatic;
						TestTargetID = 84AA46DE1F10490600D0622F;
					};
				};
			};
			buildConfigurationList = 84AA46DA1F10490600D0622F /* Build configuration list for PBXProject "Zapros" */;
			compatibilityVersion = "Xcode 3.2";
			developmentRegion = English;
			hasScannedForEncodings = 0;
			knownRegions = (
				en,
				Base,
			);
			mainGroup = 84AA46D61F10490600D0622F;
			productRefGroup = 84AA46E01F10490600D0622F /* Products */;
			projectDirPath = "";
			projectRoot = "";
			targets = (
				84AA46DE1F10490600D0622F /* Zapros */,
				84AA46F21F10490600D0622F /* ZaprosTests */,
				84AA46FD1F10490600D0622F /* ZaprosUITests */,
			);
		};
/* End PBXProject section */

/* Begin PBXResourcesBuildPhase section */
		84AA46DD1F10490600D0622F /* Resources */ = {
			isa = PBXResourcesBuildPhase;
			buildActionMask = 2147483647;
			files = (
				84AA46ED1F10490600D0622F /* LaunchScreen.storyboard in Resources */,
				84AA46EA1F10490600D0622F /* Assets.xcassets in Resources */,
				84AA46E81F10490600D0622F /* Main.storyboard in Resources */,
			);
			runOnlyForDeploymentPostprocessing = 0;
		};
		84AA46F11F10490600D0622F /* Resources */ = {
			isa = PBXResourcesBuildPhase;
			buildActionMask = 2147483647;
			files = (
			);
			runOnlyForDeploymentPostprocessing = 0;
		};
		84AA46FC1F10490600D0622F /* Resources */ = {
			isa = PBXResourcesBuildPhase;
			buildActionMask = 2147483647;
			files = (
			);
			runOnlyForDeploymentPostprocessing = 0;
		};
/* End PBXResourcesBuildPhase section */

/* Begin PBXSourcesBuildPhase section */
		84AA46DB1F10490600D0622F /* Sources */ = {
			isa = PBXSourcesBuildPhase;
			buildActionMask = 2147483647;
			files = (
				84AA46E51F10490600D0622F /* ViewController.swift in Sources */,
				84AA47111F104CCF00D0622F /* TableViewController.swift in Sources */,
				84AA46E31F10490600D0622F /* AppDelegate.swift in Sources */,
			);
			runOnlyForDeploymentPostprocessing = 0;
		};
		84AA46EF1F10490600D0622F /* Sources */ = {
			isa = PBXSourcesBuildPhase;
			buildActionMask = 2147483647;
			files = (
				84AA46F81F10490600D0622F /* ZaprosTests.swift in Sources */,
			);
			runOnlyForDeploymentPostprocessing = 0;
		};
		84AA46FA1F10490600D0622F /* Sources */ = {
			isa = PBXSourcesBuildPhase;
			buildActionMask = 2147483647;
			files = (
				84AA47031F10490600D0622F /* ZaprosUITests.swift in Sources */,
			);
			runOnlyForDeploymentPostprocessing = 0;
		};
/* End PBXSourcesBuildPhase section */

/* Begin PBXTargetDependency section */
		84AA46F51F10490600D0622F /* PBXTargetDependency */ = {
			isa = PBXTargetDependency;
			target = 84AA46DE1F10490600D0622F /* Zapros */;
			targetProxy = 84AA46F41F10490600D0622F /* PBXContainerItemProxy */;
		};
		84AA47001F10490600D0622F /* PBXTargetDependency */ = {
			isa = PBXTargetDependency;
			target = 84AA46DE1F10490600D0622F /* Zapros */;
			targetProxy = 84AA46FF1F10490600D0622F /* PBXContainerItemProxy */;
		};
/* End PBXTargetDependency section */

/* Begin PBXVariantGroup section */
		84AA46E61F10490600D0622F /* Main.storyboard */ = {
			isa = PBXVariantGroup;
			children = (
				84AA46E71F10490600D0622F /* Base */,
			);
			name = Main.storyboard;
			sourceTree = "<group>";
		};
		84AA46EB1F10490600D0622F /* LaunchScreen.storyboard */ = {
			isa = PBXVariantGroup;
			children = (
				84AA46EC1F10490600D0622F /* Base */,
			);
			name = LaunchScreen.storyboard;
			sourceTree = "<group>";
		};
/* End PBXVariantGroup section */

/* Begin XCBuildConfiguration section */
		84AA47051F10490600D0622F /* Debug */ = {
			isa = XCBuildConfiguration;
			buildSettings = {
				ALWAYS_SEARCH_USER_PATHS = NO;
				CLANG_ANALYZER_NONNULL = YES;
				CLANG_ANALYZER_NUMBER_OBJECT_CONVERSION = YES_AGGRESSIVE;
				CLANG_CXX_LANGUAGE_STANDARD = "gnu++0x";
				CLANG_CXX_LIBRARY = "libc++";
				CLANG_ENABLE_MODULES = YES;
				CLANG_ENABLE_OBJC_ARC = YES;
				CLANG_WARN_BOOL_CONVERSION = YES;
				CLANG_WARN_CONSTANT_CONVERSION = YES;
				CLANG_WARN_DIRECT_OBJC_ISA_USAGE = YES_ERROR;
				CLANG_WARN_DOCUMENTATION_COMMENTS = YES;
				CLANG_WARN_EMPTY_BODY = YES;
				CLANG_WARN_ENUM_CONVERSION = YES;
				CLANG_WARN_INFINITE_RECURSION = YES;
				CLANG_WARN_INT_CONVERSION = YES;
				CLANG_WARN_OBJC_ROOT_CLASS = YES_ERROR;
				CLANG_WARN_SUSPICIOUS_MOVE = YES;
				CLANG_WARN_UNREACHABLE_CODE = YES;
				CLANG_WARN__DUPLICATE_METHOD_MATCH = YES;
				"CODE_SIGN_IDENTITY[sdk=iphoneos*]" = "iPhone Developer";
				COPY_PHASE_STRIP = NO;
				DEBUG_INFORMATION_FORMAT = dwarf;
				ENABLE_STRICT_OBJC_MSGSEND = YES;
				ENABLE_TESTABILITY = YES;
				GCC_C_LANGUAGE_STANDARD = gnu99;
				GCC_DYNAMIC_NO_PIC = NO;
				GCC_NO_COMMON_BLOCKS = YES;
				GCC_OPTIMIZATION_LEVEL = 0;
				GCC_PREPROCESSOR_DEFINITIONS = (
					"DEBUG=1",
					"$(inherited)",
				);
				GCC_WARN_64_TO_32_BIT_CONVERSION = YES;
				GCC_WARN_ABOUT_RETURN_TYPE = YES_ERROR;
				GCC_WARN_UNDECLARED_SELECTOR = YES;
				GCC_WARN_UNINITIALIZED_AUTOS = YES_AGGRESSIVE;
				GCC_WARN_UNUSED_FUNCTION = YES;
				GCC_WARN_UNUSED_VARIABLE = YES;
				IPHONEOS_DEPLOYMENT_TARGET = 10.3;
				MTL_ENABLE_DEBUG_INFO = YES;
				ONLY_ACTIVE_ARCH = YES;
				SDKROOT = iphoneos;
				SWIFT_ACTIVE_COMPILATION_CONDITIONS = DEBUG;
				SWIFT_OPTIMIZATION_LEVEL = "-Onone";
			};
			name = Debug;
		};
		84AA47061F10490600D0622F /* Release */ = {
			isa = XCBuildConfiguration;
			buildSettings = {
				ALWAYS_SEARCH_USER_PATHS = NO;
				CLANG_ANALYZER_NONNULL = YES;
				CLANG_ANALYZER_NUMBER_OBJECT_CONVERSION = YES_AGGRESSIVE;
				CLANG_CXX_LANGUAGE_STANDARD = "gnu++0x";
				CLANG_CXX_LIBRARY = "libc++";
				CLANG_ENABLE_MODULES = YES;
				CLANG_ENABLE_OBJC_ARC = YES;
				CLANG_WARN_BOOL_CONVERSION = YES;
				CLANG_WARN_CONSTANT_CONVERSION = YES;
				CLANG_WARN_DIRECT_OBJC_ISA_USAGE = YES_ERROR;
				CLANG_WARN_DOCUMENTATION_COMMENTS = YES;
				CLANG_WARN_EMPTY_BODY = YES;
				CLANG_WARN_ENUM_CONVERSION = YES;
				CLANG_WARN_INFINITE_RECURSION = YES;
				CLANG_WARN_INT_CONVERSION = YES;
				CLANG_WARN_OBJC_ROOT_CLASS = YES_ERROR;
				CLANG_WARN_SUSPICIOUS_MOVE = YES;
				CLANG_WARN_UNREACHABLE_CODE = YES;
				CLANG_WARN__DUPLICATE_METHOD_MATCH = YES;
				"CODE_SIGN_IDENTITY[sdk=iphoneos*]" = "iPhone Developer";
				COPY_PHASE_STRIP = NO;
				DEBUG_INFORMATION_FORMAT = "dwarf-with-dsym";
				ENABLE_NS_ASSERTIONS = NO;
				ENABLE_STRICT_OBJC_MSGSEND = YES;
				GCC_C_LANGUAGE_STANDARD = gnu99;
				GCC_NO_COMMON_BLOCKS = YES;
				GCC_WARN_64_TO_32_BIT_CONVERSION = YES;
				GCC_WARN_ABOUT_RETURN_TYPE = YES_ERROR;
				GCC_WARN_UNDECLARED_SELECTOR = YES;
				GCC_WARN_UNINITIALIZED_AUTOS = YES_AGGRESSIVE;
				GCC_WARN_UNUSED_FUNCTION = YES;
				GCC_WARN_UNUSED_VARIABLE = YES;
				IPHONEOS_DEPLOYMENT_TARGET = 10.3;
				MTL_ENABLE_DEBUG_INFO = NO;
				SDKROOT = iphoneos;
				SWIFT_OPTIMIZATION_LEVEL = "-Owholemodule";
				VALIDATE_PRODUCT = YES;
			};
			name = Release;
		};
		84AA47081F10490600D0622F /* Debug */ = {
			isa = XCBuildConfiguration;
			buildSettings = {
				ASSETCATALOG_COMPILER_APPICON_NAME = AppIcon;
				INFOPLIST_FILE = Zapros/Info.plist;
				LD_RUNPATH_SEARCH_PATHS = "$(inherited) @executable_path/Frameworks";
				PRODUCT_BUNDLE_IDENTIFIER = Admin.Zapros;
				PRODUCT_NAME = "$(TARGET_NAME)";
				SWIFT_VERSION = 3.0;
			};
			name = Debug;
		};
		84AA47091F10490600D0622F /* Release */ = {
			isa = XCBuildConfiguration;
			buildSettings = {
				ASSETCATALOG_COMPILER_APPICON_NAME = AppIcon;
				INFOPLIST_FILE = Zapros/Info.plist;
				LD_RUNPATH_SEARCH_PATHS = "$(inherited) @executable_path/Frameworks";
				PRODUCT_BUNDLE_IDENTIFIER = Admin.Zapros;
				PRODUCT_NAME = "$(TARGET_NAME)";
				SWIFT_VERSION = 3.0;
			};
			name = Release;
		};
		84AA470B1F10490600D0622F /* Debug */ = {
			isa = XCBuildConfiguration;
			buildSettings = {
				ALWAYS_EMBED_SWIFT_STANDARD_LIBRARIES = YES;
				BUNDLE_LOADER = "$(TEST_HOST)";
				INFOPLIST_FILE = ZaprosTests/Info.plist;
				LD_RUNPATH_SEARCH_PATHS = "$(inherited) @executable_path/Frameworks @loader_path/Frameworks";
				PRODUCT_BUNDLE_IDENTIFIER = Admin.ZaprosTests;
				PRODUCT_NAME = "$(TARGET_NAME)";
				SWIFT_VERSION = 3.0;
				TEST_HOST = "$(BUILT_PRODUCTS_DIR)/Zapros.app/Zapros";
			};
			name = Debug;
		};
		84AA470C1F10490600D0622F /* Release */ = {
			isa = XCBuildConfiguration;
			buildSettings = {
				ALWAYS_EMBED_SWIFT_STANDARD_LIBRARIES = YES;
				BUNDLE_LOADER = "$(TEST_HOST)";
				INFOPLIST_FILE = ZaprosTests/Info.plist;
				LD_RUNPATH_SEARCH_PATHS = "$(inherited) @executable_path/Frameworks @loader_path/Frameworks";
				PRODUCT_BUNDLE_IDENTIFIER = Admin.ZaprosTests;
				PRODUCT_NAME = "$(TARGET_NAME)";
				SWIFT_VERSION = 3.0;
				TEST_HOST = "$(BUILT_PRODUCTS_DIR)/Zapros.app/Zapros";
			};
			name = Release;
		};
		84AA470E1F10490600D0622F /* Debug */ = {
			isa = XCBuildConfiguration;
			buildSettings = {
				ALWAYS_EMBED_SWIFT_STANDARD_LIBRARIES = YES;
				INFOPLIST_FILE = ZaprosUITests/Info.plist;
				LD_RUNPATH_SEARCH_PATHS = "$(inherited) @executable_path/Frameworks @loader_path/Frameworks";
				PRODUCT_BUNDLE_IDENTIFIER = Admin.ZaprosUITests;
				PRODUCT_NAME = "$(TARGET_NAME)";
				SWIFT_VERSION = 3.0;
				TEST_TARGET_NAME = Zapros;
			};
			name = Debug;
		};
		84AA470F1F10490600D0622F /* Release */ = {
			isa = XCBuildConfiguration;
			buildSettings = {
				ALWAYS_EMBED_SWIFT_STANDARD_LIBRARIES = YES;
				INFOPLIST_FILE = ZaprosUITests/Info.plist;
				LD_RUNPATH_SEARCH_PATHS = "$(inherited) @executable_path/Frameworks @loader_path/Frameworks";
				PRODUCT_BUNDLE_IDENTIFIER = Admin.ZaprosUITests;
				PRODUCT_NAME = "$(TARGET_NAME)";
				SWIFT_VERSION = 3.0;
				TEST_TARGET_NAME = Zapros;
			};
			name = Release;
		};
/* End XCBuildConfiguration section */

/* Begin XCConfigurationList section */
		84AA46DA1F10490600D0622F /* Build configuration list for PBXProject "Zapros" */ = {
			isa = XCConfigurationList;
			buildConfigurations = (
				84AA47051F10490600D0622F /* Debug */,
				84AA47061F10490600D0622F /* Release */,
			);
			defaultConfigurationIsVisible = 0;
			defaultConfigurationName = Release;
		};
		84AA47071F10490600D0622F /* Build configuration list for PBXNativeTarget "Zapros" */ = {
			isa = XCConfigurationList;
			buildConfigurations = (
				84AA47081F10490600D0622F /* Debug */,
				84AA47091F10490600D0622F /* Release */,
			);
			defaultConfigurationIsVisible = 0;
		};
		84AA470A1F10490600D0622F /* Build configuration list for PBXNativeTarget "ZaprosTests" */ = {
			isa = XCConfigurationList;
			buildConfigurations = (
				84AA470B1F10490600D0622F /* Debug */,
				84AA470C1F10490600D0622F /* Release */,
			);
			defaultConfigurationIsVisible = 0;
		};
		84AA470D1F10490600D0622F /* Build configuration list for PBXNativeTarget "ZaprosUITests" */ = {
			isa = XCConfigurationList;
			buildConfigurations = (
				84AA470E1F10490600D0622F /* Debug */,
				84AA470F1F10490600D0622F /* Release */,
			);
			defaultConfigurationIsVisible = 0;
		};
/* End XCConfigurationList section */
	};
	rootObject = 84AA46D71F10490600D0622F /* Project object */;
}
